{
  "name": "dashbi-widget-gauge",
  "version": "0.1.0",
  "lockfileVersion": 1,
  "requires": true,
  "dependencies": {
    "chartist": {
      "version": "0.11.3",
      "resolved": "https://registry.npmjs.org/chartist/-/chartist-0.11.3.tgz",
      "integrity": "sha512-ENqCECh7iu0Mm36NNKqeECdGQ9dIcHXmf8fqSWmcmt/XDtl0mqpVNNC9aChoyrJYrlFBOlLGOeAb7fIHFDMNvg=="
    },
    "v-chartist": {
      "version": "0.1.6",
      "resolved": "https://registry.npmjs.org/v-chartist/-/v-chartist-0.1.6.tgz",
      "integrity": "sha512-VuVroSPbCoiFxeUtZFNj50dghw6ygTxqwIbPcpOx+O/INMql1JU3zl/eyDxNnWJsYtIS8kltQGpndOxQK5KumQ=="
    }
  }
}
